
Microsoft Visual Studio Solution File, Format Version 12.00
# Visual Studio Version 16
VisualStudioVersion = 16.0.29911.84
MinimumVisualStudioVersion = 10.0.40219.1
Project("{FAE04EC0-301F-11D3-BF4B-00C04F79EFBC}") = "Pizza", "Pizza\Pizza.csproj", "{AAEEA709-C3FD-473C-A400-8E5B9D963028}"
EndProject
Global
	GlobalSection(SolutionConfigurationPlatforms) = preSolution
		Debug|Any CPU = Debug|Any CPU
		Release|Any CPU = Release|Any CPU
	EndGlobalSection
	GlobalSection(ProjectConfigurationPlatforms) = postSolution
		{AAEEA709-C3FD-473C-A400-8E5B9D963028}.Debug|Any CPU.ActiveCfg = Debug|Any CPU
		{AAEEA709-C3FD-473C-A400-8E5B9D963028}.Debug|Any CPU.Build.0 = Debug|Any CPU
		{AAEEA709-C3FD-473C-A400-8E5B9D963028}.Release|Any CPU.ActiveCfg = Release|Any CPU
		{AAEEA709-C3FD-473C-A400-8E5B9D963028}.Release|Any CPU.Build.0 = Release|Any CPU
	EndGlobalSection
	GlobalSection(SolutionProperties) = preSolution
		HideSolutionNode = FALSE
	EndGlobalSection
	GlobalSection(ExtensibilityGlobals) = postSolution
		SolutionGuid = {F589E3EC-8153-4F16-B6CE-103A87031DE4}
	EndGlobalSection
EndGlobal
